PODS:
  - AFNetworking (3.1.0):
    - AFNetworking/NSURLSession (= 3.1.0)
    - AFNetworking/Reachability (= 3.1.0)
    - AFNetworking/Security (= 3.1.0)
    - AFNetworking/Serialization (= 3.1.0)
    - AFNetworking/UIKit (= 3.1.0)
  - AFNetworking/NSURLSession (3.1.0):
    - AFNetworking/Reachability
    - AFNetworking/Security
    - AFNetworking/Serialization
  - AFNetworking/Reachability (3.1.0)
  - AFNetworking/Security (3.1.0)
  - AFNetworking/Serialization (3.1.0)
  - AFNetworking/UIKit (3.1.0):
    - AFNetworking/NSURLSession
  - BaiduMapKit (3.3.1)
  - CocoaAsyncSocket (7.6.1)
  - FMDB (2.6.2):
    - FMDB/standard (= 2.6.2)
  - FMDB/standard (2.6.2)
  - GPUImage (0.1.7)
  - Masonry (1.0.2)
  - MBProgressHUD (1.0.0)
  - MJCacheManager (0.1.0):
    - MJWebService (~> 0.1)
    - ModuleCapability (~> 0.1)
  - MJExtension (3.0.13)
  - MJPushManager (0.1.0):
    - ModuleCapability (~> 0.1.2)
  - MJRefresh (3.1.12)
  - MJThemeManager (0.1.0):
    - ModuleCapability (~> 0.1.2)
  - MJTimeManager (0.1.0):
    - ModuleCapability (~> 0.1.2)
  - MJUtils (0.1.1):
    - ModuleCapability (~> 0.1.2)
  - MJWebService (0.1.1):
    - AFNetworking/NSURLSession (~> 3.1.0)
    - ModuleCapability (~> 0.1.1)
  - MJWUpdate (1.1.0)
  - MMDrawerController (0.6.0):
    - MMDrawerController/Core (= 0.6.0)
    - MMDrawerController/MMDrawerBarButtonItem (= 0.6.0)
    - MMDrawerController/MMDrawerVisualStates (= 0.6.0)
    - MMDrawerController/Subclass (= 0.6.0)
  - MMDrawerController+Storyboard (0.0.2):
    - MMDrawerController
  - MMDrawerController/Core (0.6.0)
  - MMDrawerController/MMDrawerBarButtonItem (0.6.0):
    - MMDrawerController/Core
  - MMDrawerController/MMDrawerVisualStates (0.6.0):
    - MMDrawerController/Core
  - MMDrawerController/Subclass (0.6.0):
    - MMDrawerController/Core
  - ModuleCapability (0.1.2)
  - OpenUDID (1.0.0)
  - PhotoAlbum (0.5.0)
  - PhotoBrowser (0.6.5)
  - Reachability (3.2)
  - React/ART (0.29.2):
    - React/Core
  - React/Core (0.29.2)
  - React/RCTActionSheet (0.29.2):
    - React/Core
  - React/RCTAdSupport (0.29.2):
    - React/Core
  - React/RCTGeolocation (0.29.2):
    - React/Core
  - React/RCTImage (0.29.2):
    - React/Core
    - React/RCTNetwork
  - React/RCTLinkingIOS (0.29.2):
    - React/Core
  - React/RCTNetwork (0.29.2):
    - React/Core
  - React/RCTPushNotification (0.29.2):
    - React/Core
  - React/RCTSettings (0.29.2):
    - React/Core
  - React/RCTText (0.29.2):
    - React/Core
  - React/RCTVibration (0.29.2):
    - React/Core
  - React/RCTWebSocket (0.29.2):
    - React/Core
  - RealReachability (1.1.8):
    - RealReachability/Connection (= 1.1.8)
    - RealReachability/Ping (= 1.1.8)
  - RealReachability/Connection (1.1.8)
  - RealReachability/Ping (1.1.8)
  - SDWebImage (4.0.0):
    - SDWebImage/Core (= 4.0.0)
  - SDWebImage/Core (4.0.0)
  - TCBlobDownload (2.1.1)
  - YXPopupHandleView (1.0.1)
  - YYKit (1.0.9):
    - YYKit/no-arc (= 1.0.9)
  - YYKit/no-arc (1.0.9)
  - ZFPlayer (2.1.3):
    - Masonry

DEPENDENCIES:
  - AFNetworking
  - BaiduMapKit
  - CocoaAsyncSocket
  - FMDB
  - GPUImage
  - Masonry
  - MBProgressHUD
  - MJCacheManager
  - MJExtension
  - MJPushManager
  - MJRefresh
  - MJThemeManager
  - MJTimeManager
  - MJUtils
  - MJWUpdate
  - MMDrawerController
  - MMDrawerController+Storyboard
  - OpenUDID
  - PhotoAlbum
  - PhotoBrowser
  - Reachability
  - React/ART (from `./ReactComponent/node_modules/react-native`)
  - React/Core (from `./ReactComponent/node_modules/react-native`)
  - React/RCTActionSheet (from `./ReactComponent/node_modules/react-native`)
  - React/RCTAdSupport (from `./ReactComponent/node_modules/react-native`)
  - React/RCTGeolocation (from `./ReactComponent/node_modules/react-native`)
  - React/RCTImage (from `./ReactComponent/node_modules/react-native`)
  - React/RCTLinkingIOS (from `./ReactComponent/node_modules/react-native`)
  - React/RCTNetwork (from `./ReactComponent/node_modules/react-native`)
  - React/RCTPushNotification (from `./ReactComponent/node_modules/react-native`)
  - React/RCTSettings (from `./ReactComponent/node_modules/react-native`)
  - React/RCTText (from `./ReactComponent/node_modules/react-native`)
  - React/RCTVibration (from `./ReactComponent/node_modules/react-native`)
  - React/RCTWebSocket (from `./ReactComponent/node_modules/react-native`)
  - RealReachability
  - SDWebImage
  - TCBlobDownload
  - YXPopupHandleView
  - YYKit
  - ZFPlayer

EXTERNAL SOURCES:
  React:
    :path: ./ReactComponent/node_modules/react-native

SPEC CHECKSUMS:
  AFNetworking: 5e0e199f73d8626b11e79750991f5d173d1f8b67
  BaiduMapKit: 9e8ff80bbcfb8f96b4a58b2844d728590dac90ca
  CocoaAsyncSocket: 7eadd3f59e1a6c84e2aefc93e9ff7b55156fe174
  FMDB: 854a0341b4726e53276f2a8996f06f1b80f9259a
  GPUImage: 733a5f0fab92df9de1c37ba9df520a833ccb406d
  Masonry: 7c429b56da9d4ee0bbb3ed77a5ea710d6a5df39e
  MBProgressHUD: 4890f671c94e8a0f3cf959aa731e9de2f036d71a
  MJCacheManager: 903b5d9290930eaecb25fad4afb0eace68ff96c1
  MJExtension: 5932755f451458eefa24239358817f8d291240c7
  MJPushManager: e7d73b5d2dd76dd68ee673dae4e864c8ff879fd6
  MJRefresh: b96cdb21c4aa75a7b07654311ab2f315c497e806
  MJThemeManager: 39871b08cec2e7f926c13fd4f53221782a780c2d
  MJTimeManager: 691b176b28d4e48595d2a8f0efaba922b3a2e9b7
  MJUtils: 0e1d68b753e897b89e4b3f2b1ef28b5993216fee
  MJWebService: ebe871b8f7cf648e1a49daf071ada69b902d8270
  MJWUpdate: 8a4c39049717073dbd70fb42c84e83bcce79be8a
  MMDrawerController: e3a54a5570388463ad3b36975251575b50c4e1a0
  MMDrawerController+Storyboard: c98f86c0f32cdef1d466d19a7da3ad2fc6c6ac00
  ModuleCapability: 35cea7154ff855362682e90ecf1be529a533c931
  OpenUDID: e7cb6984c7304906ad20f3a36bf087b025896b6b
  PhotoAlbum: e0c8051cd705f941ae485773a55a77cf1aaa4bdf
  PhotoBrowser: 27100779bb60084fc2b99d0d3849f04f3c4c3404
  Reachability: 33e18b67625424e47b6cde6d202dce689ad7af96
  React: 3da805a4fcb127434843924494de838e9658ca78
  RealReachability: e6c8a2bbffa316006e8c282efc1ee2567d61a920
  SDWebImage: 76a6348bdc74eb5a55dd08a091ef298e56b55e41
  TCBlobDownload: 8726f054cc00bb5f66a57bb0c99764842dfa5c9f
  YXPopupHandleView: aba43227e5edc2b4332f0a82e21ec1f1fdbfc698
  YYKit: 7cda43304a8dc3696c449041e2cb3107b4e236e7
  ZFPlayer: 8dc82b4508fbba4ee59d0304c52e30f8b3390244

PODFILE CHECKSUM: 59f2ebdfd2724a7f8d6333ad0f081ae59b663ec7

COCOAPODS: 1.2.1
